
Microsoft Visual Studio Solution File, Format Version 12.00
# Visual Studio Version 17
VisualStudioVersion = 17.5.33424.131
MinimumVisualStudioVersion = 10.0.40219.1
Project("{FAE04EC0-301F-11D3-BF4B-00C04F79EFBC}") = "DogHomework", "DogHomework\DogHomework.csproj", "{8739EFEB-9739-468F-9A74-9E31035F50FA}"
EndProject
Global
	GlobalSection(SolutionConfigurationPlatforms) = preSolution
		Debug|Any CPU = Debug|Any CPU
		Release|Any CPU = Release|Any CPU
	EndGlobalSection
	GlobalSection(ProjectConfigurationPlatforms) = postSolution
		{8739EFEB-9739-468F-9A74-9E31035F50FA}.Debug|Any CPU.ActiveCfg = Debug|Any CPU
		{8739EFEB-9739-468F-9A74-9E31035F50FA}.Debug|Any CPU.Build.0 = Debug|Any CPU
		{8739EFEB-9739-468F-9A74-9E31035F50FA}.Release|Any CPU.ActiveCfg = Release|Any CPU
		{8739EFEB-9739-468F-9A74-9E31035F50FA}.Release|Any CPU.Build.0 = Release|Any CPU
	EndGlobalSection
	GlobalSection(SolutionProperties) = preSolution
		HideSolutionNode = FALSE
	EndGlobalSection
	GlobalSection(ExtensibilityGlobals) = postSolution
		SolutionGuid = {B4A75EDE-68CC-4D6F-B7AC-BA29838E1005}
	EndGlobalSection
EndGlobal
