
Microsoft Visual Studio Solution File, Format Version 12.00
# Visual Studio Version 17
VisualStudioVersion = 17.5.33424.131
MinimumVisualStudioVersion = 10.0.40219.1
Project("{FAE04EC0-301F-11D3-BF4B-00C04F79EFBC}") = "Tasks", "Tasks\Tasks.csproj", "{439F22B3-C844-4E88-9C25-448C9E894ABC}"
EndProject
Global
	GlobalSection(SolutionConfigurationPlatforms) = preSolution
		Debug|Any CPU = Debug|Any CPU
		Release|Any CPU = Release|Any CPU
	EndGlobalSection
	GlobalSection(ProjectConfigurationPlatforms) = postSolution
		{439F22B3-C844-4E88-9C25-448C9E894ABC}.Debug|Any CPU.ActiveCfg = Debug|Any CPU
		{439F22B3-C844-4E88-9C25-448C9E894ABC}.Debug|Any CPU.Build.0 = Debug|Any CPU
		{439F22B3-C844-4E88-9C25-448C9E894ABC}.Release|Any CPU.ActiveCfg = Release|Any CPU
		{439F22B3-C844-4E88-9C25-448C9E894ABC}.Release|Any CPU.Build.0 = Release|Any CPU
	EndGlobalSection
	GlobalSection(SolutionProperties) = preSolution
		HideSolutionNode = FALSE
	EndGlobalSection
	GlobalSection(ExtensibilityGlobals) = postSolution
		SolutionGuid = {5C36F0A9-475B-4AD7-9269-D48203DFD39E}
	EndGlobalSection
EndGlobal
