
Microsoft Visual Studio Solution File, Format Version 12.00
# Visual Studio Version 17
VisualStudioVersion = 17.5.33424.131
MinimumVisualStudioVersion = 10.0.40219.1
Project("{FAE04EC0-301F-11D3-BF4B-00C04F79EFBC}") = "StaticClasses", "StaticClasses\StaticClasses.csproj", "{E54B315D-8661-42F1-9A49-8E4289757BD5}"
EndProject
Project("{FAE04EC0-301F-11D3-BF4B-00C04F79EFBC}") = "StaticClasses.Domain", "StaticClasses.Domain\StaticClasses.Domain.csproj", "{C0C10719-287D-403A-BEFF-525E89B01EF6}"
EndProject
Global
	GlobalSection(SolutionConfigurationPlatforms) = preSolution
		Debug|Any CPU = Debug|Any CPU
		Release|Any CPU = Release|Any CPU
	EndGlobalSection
	GlobalSection(ProjectConfigurationPlatforms) = postSolution
		{E54B315D-8661-42F1-9A49-8E4289757BD5}.Debug|Any CPU.ActiveCfg = Debug|Any CPU
		{E54B315D-8661-42F1-9A49-8E4289757BD5}.Debug|Any CPU.Build.0 = Debug|Any CPU
		{E54B315D-8661-42F1-9A49-8E4289757BD5}.Release|Any CPU.ActiveCfg = Release|Any CPU
		{E54B315D-8661-42F1-9A49-8E4289757BD5}.Release|Any CPU.Build.0 = Release|Any CPU
		{C0C10719-287D-403A-BEFF-525E89B01EF6}.Debug|Any CPU.ActiveCfg = Debug|Any CPU
		{C0C10719-287D-403A-BEFF-525E89B01EF6}.Debug|Any CPU.Build.0 = Debug|Any CPU
		{C0C10719-287D-403A-BEFF-525E89B01EF6}.Release|Any CPU.ActiveCfg = Release|Any CPU
		{C0C10719-287D-403A-BEFF-525E89B01EF6}.Release|Any CPU.Build.0 = Release|Any CPU
	EndGlobalSection
	GlobalSection(SolutionProperties) = preSolution
		HideSolutionNode = FALSE
	EndGlobalSection
	GlobalSection(ExtensibilityGlobals) = postSolution
		SolutionGuid = {AE81A00A-5B5F-4D3C-ACA5-32714B8E775E}
	EndGlobalSection
EndGlobal
